
Microsoft Visual Studio Solution File, Format Version 12.00
# Visual Studio Version 18
VisualStudioVersion = 18.3.11222.16 d18.3
MinimumVisualStudioVersion = 10.0.40219.1
Project("{FAE04EC0-301F-11D3-BF4B-00C04F79EFBC}") = "UncomplicatedCustomItems", "UncomplicatedCustomItems\UncomplicatedCustomItems.csproj", "{B39EE633-0EFE-42FC-B3E8-C6C4C86029E5}"
EndProject
Global
	GlobalSection(SolutionConfigurationPlatforms) = preSolution
		Debug|Any CPU = Debug|Any CPU
		Debug|x64 = Debug|x64
		Exiled|Any CPU = Exiled|Any CPU
		Exiled|x64 = Exiled|x64
		LabApi|Any CPU = LabApi|Any CPU
		LabApi|x64 = LabApi|x64
		Release|Any CPU = Release|Any CPU
		Release|x64 = Release|x64
	EndGlobalSection
	GlobalSection(ProjectConfigurationPlatforms) = postSolution
		{B39EE633-0EFE-42FC-B3E8-C6C4C86029E5}.Debug|Any CPU.ActiveCfg = LabApi|Any CPU
		{B39EE633-0EFE-42FC-B3E8-C6C4C86029E5}.Debug|Any CPU.Build.0 = LabApi|Any CPU
		{B39EE633-0EFE-42FC-B3E8-C6C4C86029E5}.Debug|x64.ActiveCfg = LabApi|x64
		{B39EE633-0EFE-42FC-B3E8-C6C4C86029E5}.Debug|x64.Build.0 = LabApi|x64
		{B39EE633-0EFE-42FC-B3E8-C6C4C86029E5}.Exiled|Any CPU.ActiveCfg = Exiled|Any CPU
		{B39EE633-0EFE-42FC-B3E8-C6C4C86029E5}.Exiled|Any CPU.Build.0 = Exiled|Any CPU
		{B39EE633-0EFE-42FC-B3E8-C6C4C86029E5}.Exiled|x64.ActiveCfg = Exiled|Any CPU
		{B39EE633-0EFE-42FC-B3E8-C6C4C86029E5}.Exiled|x64.Build.0 = Exiled|Any CPU
		{B39EE633-0EFE-42FC-B3E8-C6C4C86029E5}.LabApi|Any CPU.ActiveCfg = Exiled|Any CPU
		{B39EE633-0EFE-42FC-B3E8-C6C4C86029E5}.LabApi|Any CPU.Build.0 = Exiled|Any CPU
		{B39EE633-0EFE-42FC-B3E8-C6C4C86029E5}.LabApi|x64.ActiveCfg = LabApi|x64
		{B39EE633-0EFE-42FC-B3E8-C6C4C86029E5}.LabApi|x64.Build.0 = LabApi|x64
		{B39EE633-0EFE-42FC-B3E8-C6C4C86029E5}.Release|Any CPU.ActiveCfg = Release|Any CPU
		{B39EE633-0EFE-42FC-B3E8-C6C4C86029E5}.Release|Any CPU.Build.0 = Release|Any CPU
		{B39EE633-0EFE-42FC-B3E8-C6C4C86029E5}.Release|x64.ActiveCfg = Release|x64
		{B39EE633-0EFE-42FC-B3E8-C6C4C86029E5}.Release|x64.Build.0 = Release|x64
	EndGlobalSection
	GlobalSection(SolutionProperties) = preSolution
		HideSolutionNode = FALSE
	EndGlobalSection
	GlobalSection(ExtensibilityGlobals) = postSolution
		SolutionGuid = {80765F01-51F2-4898-BF5E-DB33E2F0F720}
	EndGlobalSection
EndGlobal
